// !$*UTF8*$!
{
	archiveVersion = 1;
	classes = {
	};
	objectVersion = 55;
	objects = {

/* Begin PBXBuildFile section */
		8FE01DBB2898B70B00F9E7E1 /* AppDelegate.swift in Sources */ = {isa = PBXBuildFile; fileRef = 8FE01DBA2898B70B00F9E7E1 /* AppDelegate.swift */; };
		8FE01DBD2898B70B00F9E7E1 /* SceneDelegate.swift in Sources */ = {isa = PBXBuildFile; fileRef = 8FE01DBC2898B70B00F9E7E1 /* SceneDelegate.swift */; };
		8FE01DBF2898B70B00F9E7E1 /* ViewController.swift in Sources */ = {isa = PBXBuildFile; fileRef = 8FE01DBE2898B70B00F9E7E1 /* ViewController.swift */; };
		8FE01DC22898B70B00F9E7E1 /* Main.storyboard in Resources */ = {isa = PBXBuildFile; fileRef = 8FE01DC02898B70B00F9E7E1 /* Main.storyboard */; };
		8FE01DC42898B70C00F9E7E1 /* Assets.xcassets in Resources */ = {isa = PBXBuildFile; fileRef = 8FE01DC32898B70C00F9E7E1 /* Assets.xcassets */; };
		8FE01DC72898B70C00F9E7E1 /* LaunchScreen.storyboard in Resources */ = {isa = PBXBuildFile; fileRef = 8FE01DC52898B70C00F9E7E1 /* LaunchScreen.storyboard */; };
		8FE01DD22898B70C00F9E7E1 /* DiscussMVPTests.swift in Sources */ = {isa = PBXBuildFile; fileRef = 8FE01DD12898B70C00F9E7E1 /* DiscussMVPTests.swift */; };
		8FE01DDC2898B70C00F9E7E1 /* DiscussMVPUITests.swift in Sources */ = {isa = PBXBuildFile; fileRef = 8FE01DDB2898B70C00F9E7E1 /* DiscussMVPUITests.swift */; };
		8FE01DDE2898B70C00F9E7E1 /* DiscussMVPUITestsLaunchTests.swift in Sources */ = {isa = PBXBuildFile; fileRef = 8FE01DDD2898B70C00F9E7E1 /* DiscussMVPUITestsLaunchTests.swift */; };
/* End PBXBuildFile section */

/* Begin PBXContainerItemProxy section */
		8FE01DCE2898B70C00F9E7E1 /* PBXContainerItemProxy */ = {
			isa = PBXContainerItemProxy;
			containerPortal = 8FE01DAF2898B70B00F9E7E1 /* Project object */;
			proxyType = 1;
			remoteGlobalIDString = 8FE01DB62898B70B00F9E7E1;
			remoteInfo = DiscussMVP;
		};
		8FE01DD82898B70C00F9E7E1 /* PBXContainerItemProxy */ = {
			isa = PBXContainerItemProxy;
			containerPortal = 8FE01DAF2898B70B00F9E7E1 /* Project object */;
			proxyType = 1;
			remoteGlobalIDString = 8FE01DB62898B70B00F9E7E1;
			remoteInfo = DiscussMVP;
		};
/* End PBXContainerItemProxy section */

/* Begin PBXFileReference section */
		8FE01DB72898B70B00F9E7E1 /* DiscussMVP.app */ = {isa = PBXFileReference; explicitFileType = wrapper.application; includeInIndex = 0; path = DiscussMVP.app; sourceTree = BUILT_PRODUCTS_DIR; };
		8FE01DBA2898B70B00F9E7E1 /* AppDelegate.swift */ = {isa = PBXFileReference; lastKnownFileType = sourcecode.swift; path = AppDelegate.swift; sourceTree = "<group>"; };
		8FE01DBC2898B70B00F9E7E1 /* SceneDelegate.swift */ = {isa = PBXFileReference; lastKnownFileType = sourcecode.swift; path = SceneDelegate.swift; sourceTree = "<group>"; };
		8FE01DBE2898B70B00F9E7E1 /* ViewController.swift */ = {isa = PBXFileReference; lastKnownFileType = sourcecode.swift; path = ViewController.swift; sourceTree = "<group>"; };
		8FE01DC12898B70B00F9E7E1 /* Base */ = {isa = PBXFileReference; lastKnownFileType = file.storyboard; name = Base; path = Base.lproj/Main.storyboard; sourceTree = "<group>"; };
		8FE01DC32898B70C00F9E7E1 /* Assets.xcassets */ = {isa = PBXFileReference; lastKnownFileType = folder.assetcatalog; path = Assets.xcassets; sourceTree = "<group>"; };
		8FE01DC62898B70C00F9E7E1 /* Base */ = {isa = PBXFileReference; lastKnownFileType = file.storyboard; name = Base; path = Base.lproj/LaunchScreen.storyboard; sourceTree = "<group>"; };
		8FE01DC82898B70C00F9E7E1 /* Info.plist */ = {isa = PBXFileReference; lastKnownFileType = text.plist.xml; path = Info.plist; sourceTree = "<group>"; };
		8FE01DCD2898B70C00F9E7E1 /* DiscussMVPTests.xctest */ = {isa = PBXFileReference; explicitFileType = wrapper.cfbundle; includeInIndex = 0; path = DiscussMVPTests.xctest; sourceTree = BUILT_PRODUCTS_DIR; };
		8FE01DD12898B70C00F9E7E1 /* DiscussMVPTests.swift */ = {isa = PBXFileReference; lastKnownFileType = sourcecode.swift; path = DiscussMVPTests.swift; sourceTree = "<group>"; };
		8FE01DD72898B70C00F9E7E1 /* DiscussMVPUITests.xctest */ = {isa = PBXFileReference; explicitFileType = wrapper.cfbundle; includeInIndex = 0; path = DiscussMVPUITests.xctest; sourceTree = BUILT_PRODUCTS_DIR; };
		8FE01DDB2898B70C00F9E7E1 /* DiscussMVPUITests.swift */ = {isa = PBXFileReference; lastKnownFileType = sourcecode.swift; path = DiscussMVPUITests.swift; sourceTree = "<group>"; };
		8FE01DDD2898B70C00F9E7E1 /* DiscussMVPUITestsLaunchTests.swift */ = {isa = PBXFileReference; lastKnownFileType = sourcecode.swift; path = DiscussMVPUITestsLaunchTests.swift; sourceTree = "<group>"; };
/* End PBXFileReference section */

/* Begin PBXFrameworksBuildPhase section */
		8FE01DB42898B70B00F9E7E1 /* Frameworks */ = {
			isa = PBXFrameworksBuildPhase;
			buildActionMask = 2147483647;
			files = (
			);
			runOnlyForDeploymentPostprocessing = 0;
		};
		8FE01DCA2898B70C00F9E7E1 /* Frameworks */ = {
			isa = PBXFrameworksBuildPhase;
			buildActionMask = 2147483647;
			files = (
			);
			runOnlyForDeploymentPostprocessing = 0;
		};
		8FE01DD42898B70C00F9E7E1 /* Frameworks */ = {
			isa = PBXFrameworksBuildPhase;
			buildActionMask = 2147483647;
			files = (
			);
			runOnlyForDeploymentPostprocessing = 0;
		};
/* End PBXFrameworksBuildPhase section */

/* Begin PBXGroup section */
		8FE01DAE2898B70B00F9E7E1 = {
			isa = PBXGroup;
			children = (
				8FE01DB92898B70B00F9E7E1 /* DiscussMVP */,
				8FE01DD02898B70C00F9E7E1 /* DiscussMVPTests */,
				8FE01DDA2898B70C00F9E7E1 /* DiscussMVPUITests */,
				8FE01DB82898B70B00F9E7E1 /* Products */,
			);
			sourceTree = "<group>";
		};
		8FE01DB82898B70B00F9E7E1 /* Products */ = {
			isa = PBXGroup;
			children = (
				8FE01DB72898B70B00F9E7E1 /* DiscussMVP.app */,
				8FE01DCD2898B70C00F9E7E1 /* DiscussMVPTests.xctest */,
				8FE01DD72898B70C00F9E7E1 /* DiscussMVPUITests.xctest */,
			);
			name = Products;
			sourceTree = "<group>";
		};
		8FE01DB92898B70B00F9E7E1 /* DiscussMVP */ = {
			isa = PBXGroup;
			children = (
				8FE01DBA2898B70B00F9E7E1 /* AppDelegate.swift */,
				8FE01DBC2898B70B00F9E7E1 /* SceneDelegate.swift */,
				8FE01DBE2898B70B00F9E7E1 /* ViewController.swift */,
				8FE01DC02898B70B00F9E7E1 /* Main.storyboard */,
				8FE01DC32898B70C00F9E7E1 /* Assets.xcassets */,
				8FE01DC52898B70C00F9E7E1 /* LaunchScreen.storyboard */,
				8FE01DC82898B70C00F9E7E1 /* Info.plist */,
			);
			path = DiscussMVP;
			sourceTree = "<group>";
		};
		8FE01DD02898B70C00F9E7E1 /* DiscussMVPTests */ = {
			isa = PBXGroup;
			children = (
				8FE01DD12898B70C00F9E7E1 /* DiscussMVPTests.swift */,
			);
			path = DiscussMVPTests;
			sourceTree = "<group>";
		};
		8FE01DDA2898B70C00F9E7E1 /* DiscussMVPUITests */ = {
			isa = PBXGroup;
			children = (
				8FE01DDB2898B70C00F9E7E1 /* DiscussMVPUITests.swift */,
				8FE01DDD2898B70C00F9E7E1 /* DiscussMVPUITestsLaunchTests.swift */,
			);
			path = DiscussMVPUITests;
			sourceTree = "<group>";
		};
/* End PBXGroup section */

/* Begin PBXNativeTarget section */
		8FE01DB62898B70B00F9E7E1 /* DiscussMVP */ = {
			isa = PBXNativeTarget;
			buildConfigurationList = 8FE01DE12898B70C00F9E7E1 /* Build configuration list for PBXNativeTarget "DiscussMVP" */;
			buildPhases = (
				8FE01DB32898B70B00F9E7E1 /* Sources */,
				8FE01DB42898B70B00F9E7E1 /* Frameworks */,
				8FE01DB52898B70B00F9E7E1 /* Resources */,
			);
			buildRules = (
			);
			dependencies = (
			);
			name = DiscussMVP;
			productName = DiscussMVP;
			productReference = 8FE01DB72898B70B00F9E7E1 /* DiscussMVP.app */;
			productType = "com.apple.product-type.application";
		};
		8FE01DCC2898B70C00F9E7E1 /* DiscussMVPTests */ = {
			isa = PBXNativeTarget;
			buildConfigurationList = 8FE01DE42898B70C00F9E7E1 /* Build configuration list for PBXNativeTarget "DiscussMVPTests" */;
			buildPhases = (
				8FE01DC92898B70C00F9E7E1 /* Sources */,
				8FE01DCA2898B70C00F9E7E1 /* Frameworks */,
				8FE01DCB2898B70C00F9E7E1 /* Resources */,
			);
			buildRules = (
			);
			dependencies = (
				8FE01DCF2898B70C00F9E7E1 /* PBXTargetDependency */,
			);
			name = DiscussMVPTests;
			productName = DiscussMVPTests;
			productReference = 8FE01DCD2898B70C00F9E7E1 /* DiscussMVPTests.xctest */;
			productType = "com.apple.product-type.bundle.unit-test";
		};
		8FE01DD62898B70C00F9E7E1 /* DiscussMVPUITests */ = {
			isa = PBXNativeTarget;
			buildConfigurationList = 8FE01DE72898B70C00F9E7E1 /* Build configuration list for PBXNativeTarget "DiscussMVPUITests" */;
			buildPhases = (
				8FE01DD32898B70C00F9E7E1 /* Sources */,
				8FE01DD42898B70C00F9E7E1 /* Frameworks */,
				8FE01DD52898B70C00F9E7E1 /* Resources */,
			);
			buildRules = (
			);
			dependencies = (
				8FE01DD92898B70C00F9E7E1 /* PBXTargetDependency */,
			);
			name = DiscussMVPUITests;
			productName = DiscussMVPUITests;
			productReference = 8FE01DD72898B70C00F9E7E1 /* DiscussMVPUITests.xctest */;
			productType = "com.apple.product-type.bundle.ui-testing";
		};
/* End PBXNativeTarget section */

/* Begin PBXProject section */
		8FE01DAF2898B70B00F9E7E1 /* Project object */ = {
			isa = PBXProject;
			attributes = {
				BuildIndependentTargetsInParallel = 1;
				LastSwiftUpdateCheck = 1340;
				LastUpgradeCheck = 1340;
				TargetAttributes = {
					8FE01DB62898B70B00F9E7E1 = {
						CreatedOnToolsVersion = 13.4.1;
					};
					8FE01DCC2898B70C00F9E7E1 = {
						CreatedOnToolsVersion = 13.4.1;
						TestTargetID = 8FE01DB62898B70B00F9E7E1;
					};
					8FE01DD62898B70C00F9E7E1 = {
						CreatedOnToolsVersion = 13.4.1;
						TestTargetID = 8FE01DB62898B70B00F9E7E1;
					};
				};
			};
			buildConfigurationList = 8FE01DB22898B70B00F9E7E1 /* Build configuration list for PBXProject "DiscussMVP" */;
			compatibilityVersion = "Xcode 13.0";
			developmentRegion = en;
			hasScannedForEncodings = 0;
			knownRegions = (
				en,
				Base,
			);
			mainGroup = 8FE01DAE2898B70B00F9E7E1;
			productRefGroup = 8FE01DB82898B70B00F9E7E1 /* Products */;
			projectDirPath = "";
			projectRoot = "";
			targets = (
				8FE01DB62898B70B00F9E7E1 /* DiscussMVP */,
				8FE01DCC2898B70C00F9E7E1 /* DiscussMVPTests */,
				8FE01DD62898B70C00F9E7E1 /* DiscussMVPUITests */,
			);
		};
/* End PBXProject section */

/* Begin PBXResourcesBuildPhase section */
		8FE01DB52898B70B00F9E7E1 /* Resources */ = {
			isa = PBXResourcesBuildPhase;
			buildActionMask = 2147483647;
			files = (
				8FE01DC72898B70C00F9E7E1 /* LaunchScreen.storyboard in Resources */,
				8FE01DC42898B70C00F9E7E1 /* Assets.xcassets in Resources */,
				8FE01DC22898B70B00F9E7E1 /* Main.storyboard in Resources */,
			);
			runOnlyForDeploymentPostprocessing = 0;
		};
		8FE01DCB2898B70C00F9E7E1 /* Resources */ = {
			isa = PBXResourcesBuildPhase;
			buildActionMask = 2147483647;
			files = (
			);
			runOnlyForDeploymentPostprocessing = 0;
		};
		8FE01DD52898B70C00F9E7E1 /* Resources */ = {
			isa = PBXResourcesBuildPhase;
			buildActionMask = 2147483647;
			files = (
			);
			runOnlyForDeploymentPostprocessing = 0;
		};
/* End PBXResourcesBuildPhase section */

/* Begin PBXSourcesBuildPhase section */
		8FE01DB32898B70B00F9E7E1 /* Sources */ = {
			isa = PBXSourcesBuildPhase;
			buildActionMask = 2147483647;
			files = (
				8FE01DBF2898B70B00F9E7E1 /* ViewController.swift in Sources */,
				8FE01DBB2898B70B00F9E7E1 /* AppDelegate.swift in Sources */,
				8FE01DBD2898B70B00F9E7E1 /* SceneDelegate.swift in Sources */,
			);
			runOnlyForDeploymentPostprocessing = 0;
		};
		8FE01DC92898B70C00F9E7E1 /* Sources */ = {
			isa = PBXSourcesBuildPhase;
			buildActionMask = 2147483647;
			files = (
				8FE01DD22898B70C00F9E7E1 /* DiscussMVPTests.swift in Sources */,
			);
			runOnlyForDeploymentPostprocessing = 0;
		};
		8FE01DD32898B70C00F9E7E1 /* Sources */ = {
			isa = PBXSourcesBuildPhase;
			buildActionMask = 2147483647;
			files = (
				8FE01DDC2898B70C00F9E7E1 /* DiscussMVPUITests.swift in Sources */,
				8FE01DDE2898B70C00F9E7E1 /* DiscussMVPUITestsLaunchTests.swift in Sources */,
			);
			runOnlyForDeploymentPostprocessing = 0;
		};
/* End PBXSourcesBuildPhase section */

/* Begin PBXTargetDependency section */
		8FE01DCF2898B70C00F9E7E1 /* PBXTargetDependency */ = {
			isa = PBXTargetDependency;
			target = 8FE01DB62898B70B00F9E7E1 /* DiscussMVP */;
			targetProxy = 8FE01DCE2898B70C00F9E7E1 /* PBXContainerItemProxy */;
		};
		8FE01DD92898B70C00F9E7E1 /* PBXTargetDependency */ = {
			isa = PBXTargetDependency;
			target = 8FE01DB62898B70B00F9E7E1 /* DiscussMVP */;
			targetProxy = 8FE01DD82898B70C00F9E7E1 /* PBXContainerItemProxy */;
		};
/* End PBXTargetDependency section */

/* Begin PBXVariantGroup section */
		8FE01DC02898B70B00F9E7E1 /* Main.storyboard */ = {
			isa = PBXVariantGroup;
			children = (
				8FE01DC12898B70B00F9E7E1 /* Base */,
			);
			name = Main.storyboard;
			sourceTree = "<group>";
		};
		8FE01DC52898B70C00F9E7E1 /* LaunchScreen.storyboard */ = {
			isa = PBXVariantGroup;
			children = (
				8FE01DC62898B70C00F9E7E1 /* Base */,
			);
			name = LaunchScreen.storyboard;
			sourceTree = "<group>";
		};
/* End PBXVariantGroup section */

/* Begin XCBuildConfiguration section */
		8FE01DDF2898B70C00F9E7E1 /* Debug */ = {
			isa = XCBuildConfiguration;
			buildSettings = {
				ALWAYS_SEARCH_USER_PATHS = NO;
				CLANG_ANALYZER_NONNULL = YES;
				CLANG_ANALYZER_NUMBER_OBJECT_CONVERSION = YES_AGGRESSIVE;
				CLANG_CXX_LANGUAGE_STANDARD = "gnu++17";
				CLANG_ENABLE_MODULES = YES;
				CLANG_ENABLE_OBJC_ARC = YES;
				CLANG_ENABLE_OBJC_WEAK = YES;
				CLANG_WARN_BLOCK_CAPTURE_AUTORELEASING = YES;
				CLANG_WARN_BOOL_CONVERSION = YES;
				CLANG_WARN_COMMA = YES;
				CLANG_WARN_CONSTANT_CONVERSION = YES;
				CLANG_WARN_DEPRECATED_OBJC_IMPLEMENTATIONS = YES;
				CLANG_WARN_DIRECT_OBJC_ISA_USAGE = YES_ERROR;
				CLANG_WARN_DOCUMENTATION_COMMENTS = YES;
				CLANG_WARN_EMPTY_BODY = YES;
				CLANG_WARN_ENUM_CONVERSION = YES;
				CLANG_WARN_INFINITE_RECURSION = YES;
				CLANG_WARN_INT_CONVERSION = YES;
				CLANG_WARN_NON_LITERAL_NULL_CONVERSION = YES;
				CLANG_WARN_OBJC_IMPLICIT_RETAIN_SELF = YES;
				CLANG_WARN_OBJC_LITERAL_CONVERSION = YES;
				CLANG_WARN_OBJC_ROOT_CLASS = YES_ERROR;
				CLANG_WARN_QUOTED_INCLUDE_IN_FRAMEWORK_HEADER = YES;
				CLANG_WARN_RANGE_LOOP_ANALYSIS = YES;
				CLANG_WARN_STRICT_PROTOTYPES = YES;
				CLANG_WARN_SUSPICIOUS_MOVE = YES;
				CLANG_WARN_UNGUARDED_AVAILABILITY = YES_AGGRESSIVE;
				CLANG_WARN_UNREACHABLE_CODE = YES;
				CLANG_WARN__DUPLICATE_METHOD_MATCH = YES;
				COPY_PHASE_STRIP = NO;
				DEBUG_INFORMATION_FORMAT = dwarf;
				ENABLE_STRICT_OBJC_MSGSEND = YES;
				ENABLE_TESTABILITY = YES;
				GCC_C_LANGUAGE_STANDARD = gnu11;
				GCC_DYNAMIC_NO_PIC = NO;
				GCC_NO_COMMON_BLOCKS = YES;
				GCC_OPTIMIZATION_LEVEL = 0;
				GCC_PREPROCESSOR_DEFINITIONS = (
					"DEBUG=1",
					"$(inherited)",
				);
				GCC_WARN_64_TO_32_BIT_CONVERSION = YES;
				GCC_WARN_ABOUT_RETURN_TYPE = YES_ERROR;
				GCC_WARN_UNDECLARED_SELECTOR = YES;
				GCC_WARN_UNINITIALIZED_AUTOS = YES_AGGRESSIVE;
				GCC_WARN_UNUSED_FUNCTION = YES;
				GCC_WARN_UNUSED_VARIABLE = YES;
				IPHONEOS_DEPLOYMENT_TARGET = 15.5;
				MTL_ENABLE_DEBUG_INFO = INCLUDE_SOURCE;
				MTL_FAST_MATH = YES;
				ONLY_ACTIVE_ARCH = YES;
				SDKROOT = iphoneos;
				SWIFT_ACTIVE_COMPILATION_CONDITIONS = DEBUG;
				SWIFT_OPTIMIZATION_LEVEL = "-Onone";
			};
			name = Debug;
		};
		8FE01DE02898B70C00F9E7E1 /* Release */ = {
			isa = XCBuildConfiguration;
			buildSettings = {
				ALWAYS_SEARCH_USER_PATHS = NO;
				CLANG_ANALYZER_NONNULL = YES;
				CLANG_ANALYZER_NUMBER_OBJECT_CONVERSION = YES_AGGRESSIVE;
				CLANG_CXX_LANGUAGE_STANDARD = "gnu++17";
				CLANG_ENABLE_MODULES = YES;
				CLANG_ENABLE_OBJC_ARC = YES;
				CLANG_ENABLE_OBJC_WEAK = YES;
				CLANG_WARN_BLOCK_CAPTURE_AUTORELEASING = YES;
				CLANG_WARN_BOOL_CONVERSION = YES;
				CLANG_WARN_COMMA = YES;
				CLANG_WARN_CONSTANT_CONVERSION = YES;
				CLANG_WARN_DEPRECATED_OBJC_IMPLEMENTATIONS = YES;
				CLANG_WARN_DIRECT_OBJC_ISA_USAGE = YES_ERROR;
				CLANG_WARN_DOCUMENTATION_COMMENTS = YES;
				CLANG_WARN_EMPTY_BODY = YES;
				CLANG_WARN_ENUM_CONVERSION = YES;
				CLANG_WARN_INFINITE_RECURSION = YES;
				CLANG_WARN_INT_CONVERSION = YES;
				CLANG_WARN_NON_LITERAL_NULL_CONVERSION = YES;
				CLANG_WARN_OBJC_IMPLICIT_RETAIN_SELF = YES;
				CLANG_WARN_OBJC_LITERAL_CONVERSION = YES;
				CLANG_WARN_OBJC_ROOT_CLASS = YES_ERROR;
				CLANG_WARN_QUOTED_INCLUDE_IN_FRAMEWORK_HEADER = YES;
				CLANG_WARN_RANGE_LOOP_ANALYSIS = YES;
				CLANG_WARN_STRICT_PROTOTYPES = YES;
				CLANG_WARN_SUSPICIOUS_MOVE = YES;
				CLANG_WARN_UNGUARDED_AVAILABILITY = YES_AGGRESSIVE;
				CLANG_WARN_UNREACHABLE_CODE = YES;
				CLANG_WARN__DUPLICATE_METHOD_MATCH = YES;
				COPY_PHASE_STRIP = NO;
				DEBUG_INFORMATION_FORMAT = "dwarf-with-dsym";
				ENABLE_NS_ASSERTIONS = NO;
				ENABLE_STRICT_OBJC_MSGSEND = YES;
				GCC_C_LANGUAGE_STANDARD = gnu11;
				GCC_NO_COMMON_BLOCKS = YES;
				GCC_WARN_64_TO_32_BIT_CONVERSION = YES;
				GCC_WARN_ABOUT_RETURN_TYPE = YES_ERROR;
				GCC_WARN_UNDECLARED_SELECTOR = YES;
				GCC_WARN_UNINITIALIZED_AUTOS = YES_AGGRESSIVE;
				GCC_WARN_UNUSED_FUNCTION = YES;
				GCC_WARN_UNUSED_VARIABLE = YES;
				IPHONEOS_DEPLOYMENT_TARGET = 15.5;
				MTL_ENABLE_DEBUG_INFO = NO;
				MTL_FAST_MATH = YES;
				SDKROOT = iphoneos;
				SWIFT_COMPILATION_MODE = wholemodule;
				SWIFT_OPTIMIZATION_LEVEL = "-O";
				VALIDATE_PRODUCT = YES;
			};
			name = Release;
		};
		8FE01DE22898B70C00F9E7E1 /* Debug */ = {
			isa = XCBuildConfiguration;
			buildSettings = {
				ASSETCATALOG_COMPILER_APPICON_NAME = AppIcon;
				ASSETCATALOG_COMPILER_GLOBAL_ACCENT_COLOR_NAME = AccentColor;
				CODE_SIGN_STYLE = Automatic;
				CURRENT_PROJECT_VERSION = 1;
				GENERATE_INFOPLIST_FILE = YES;
				INFOPLIST_FILE = DiscussMVP/Info.plist;
				INFOPLIST_KEY_UIApplicationSupportsIndirectInputEvents = YES;
				INFOPLIST_KEY_UILaunchStoryboardName = LaunchScreen;
				INFOPLIST_KEY_UIMainStoryboardFile = Main;
				INFOPLIST_KEY_UISupportedInterfaceOrientations_iPad = "UIInterfaceOrientationPortrait UIInterfaceOrientationPortraitUpsideDown UIInterfaceOrientationLandscapeLeft UIInterfaceOrientationLandscapeRight";
				INFOPLIST_KEY_UISupportedInterfaceOrientations_iPhone = "UIInterfaceOrientationPortrait UIInterfaceOrientationLandscapeLeft UIInterfaceOrientationLandscapeRight";
				LD_RUNPATH_SEARCH_PATHS = (
					"$(inherited)",
					"@executable_path/Frameworks",
				);
				MARKETING_VERSION = 1.0;
				PRODUCT_BUNDLE_IDENTIFIER = Sahil.DiscussMVP;
				PRODUCT_NAME = "$(TARGET_NAME)";
				SWIFT_EMIT_LOC_STRINGS = YES;
				SWIFT_VERSION = 5.0;
				TARGETED_DEVICE_FAMILY = "1,2";
			};
			name = Debug;
		};
		8FE01DE32898B70C00F9E7E1 /* Release */ = {
			isa = XCBuildConfiguration;
			buildSettings = {
				ASSETCATALOG_COMPILER_APPICON_NAME = AppIcon;
				ASSETCATALOG_COMPILER_GLOBAL_ACCENT_COLOR_NAME = AccentColor;
				CODE_SIGN_STYLE = Automatic;
				CURRENT_PROJECT_VERSION = 1;
				GENERATE_INFOPLIST_FILE = YES;
				INFOPLIST_FILE = DiscussMVP/Info.plist;
				INFOPLIST_KEY_UIApplicationSupportsIndirectInputEvents = YES;
				INFOPLIST_KEY_UILaunchStoryboardName = LaunchScreen;
				INFOPLIST_KEY_UIMainStoryboardFile = Main;
				INFOPLIST_KEY_UISupportedInterfaceOrientations_iPad = "UIInterfaceOrientationPortrait UIInterfaceOrientationPortraitUpsideDown UIInterfaceOrientationLandscapeLeft UIInterfaceOrientationLandscapeRight";
				INFOPLIST_KEY_UISupportedInterfaceOrientations_iPhone = "UIInterfaceOrientationPortrait UIInterfaceOrientationLandscapeLeft UIInterfaceOrientationLandscapeRight";
				LD_RUNPATH_SEARCH_PATHS = (
					"$(inherited)",
					"@executable_path/Frameworks",
				);
				MARKETING_VERSION = 1.0;
				PRODUCT_BUNDLE_IDENTIFIER = Sahil.DiscussMVP;
				PRODUCT_NAME = "$(TARGET_NAME)";
				SWIFT_EMIT_LOC_STRINGS = YES;
				SWIFT_VERSION = 5.0;
				TARGETED_DEVICE_FAMILY = "1,2";
			};
			name = Release;
		};
		8FE01DE52898B70C00F9E7E1 /* Debug */ = {
			isa = XCBuildConfiguration;
			buildSettings = {
				ALWAYS_EMBED_SWIFT_STANDARD_LIBRARIES = YES;
				BUNDLE_LOADER = "$(TEST_HOST)";
				CODE_SIGN_STYLE = Automatic;
				CURRENT_PROJECT_VERSION = 1;
				GENERATE_INFOPLIST_FILE = YES;
				IPHONEOS_DEPLOYMENT_TARGET = 15.5;
				MARKETING_VERSION = 1.0;
				PRODUCT_BUNDLE_IDENTIFIER = Sahil.DiscussMVPTests;
				PRODUCT_NAME = "$(TARGET_NAME)";
				SWIFT_EMIT_LOC_STRINGS = NO;
				SWIFT_VERSION = 5.0;
				TARGETED_DEVICE_FAMILY = "1,2";
				TEST_HOST = "$(BUILT_PRODUCTS_DIR)/DiscussMVP.app/DiscussMVP";
			};
			name = Debug;
		};
		8FE01DE62898B70C00F9E7E1 /* Release */ = {
			isa = XCBuildConfiguration;
			buildSettings = {
				ALWAYS_EMBED_SWIFT_STANDARD_LIBRARIES = YES;
				BUNDLE_LOADER = "$(TEST_HOST)";
				CODE_SIGN_STYLE = Automatic;
				CURRENT_PROJECT_VERSION = 1;
				GENERATE_INFOPLIST_FILE = YES;
				IPHONEOS_DEPLOYMENT_TARGET = 15.5;
				MARKETING_VERSION = 1.0;
				PRODUCT_BUNDLE_IDENTIFIER = Sahil.DiscussMVPTests;
				PRODUCT_NAME = "$(TARGET_NAME)";
				SWIFT_EMIT_LOC_STRINGS = NO;
				SWIFT_VERSION = 5.0;
				TARGETED_DEVICE_FAMILY = "1,2";
				TEST_HOST = "$(BUILT_PRODUCTS_DIR)/DiscussMVP.app/DiscussMVP";
			};
			name = Release;
		};
		8FE01DE82898B70C00F9E7E1 /* Debug */ = {
			isa = XCBuildConfiguration;
			buildSettings = {
				ALWAYS_EMBED_SWIFT_STANDARD_LIBRARIES = YES;
				CODE_SIGN_STYLE = Automatic;
				CURRENT_PROJECT_VERSION = 1;
				GENERATE_INFOPLIST_FILE = YES;
				MARKETING_VERSION = 1.0;
				PRODUCT_BUNDLE_IDENTIFIER = Sahil.DiscussMVPUITests;
				PRODUCT_NAME = "$(TARGET_NAME)";
				SWIFT_EMIT_LOC_STRINGS = NO;
				SWIFT_VERSION = 5.0;
				TARGETED_DEVICE_FAMILY = "1,2";
				TEST_TARGET_NAME = DiscussMVP;
			};
			name = Debug;
		};
		8FE01DE92898B70C00F9E7E1 /* Release */ = {
			isa = XCBuildConfiguration;
			buildSettings = {
				ALWAYS_EMBED_SWIFT_STANDARD_LIBRARIES = YES;
				CODE_SIGN_STYLE = Automatic;
				CURRENT_PROJECT_VERSION = 1;
				GENERATE_INFOPLIST_FILE = YES;
				MARKETING_VERSION = 1.0;
				PRODUCT_BUNDLE_IDENTIFIER = Sahil.DiscussMVPUITests;
				PRODUCT_NAME = "$(TARGET_NAME)";
				SWIFT_EMIT_LOC_STRINGS = NO;
				SWIFT_VERSION = 5.0;
				TARGETED_DEVICE_FAMILY = "1,2";
				TEST_TARGET_NAME = DiscussMVP;
			};
			name = Release;
		};
/* End XCBuildConfiguration section */

/* Begin XCConfigurationList section */
		8FE01DB22898B70B00F9E7E1 /* Build configuration list for PBXProject "DiscussMVP" */ = {
			isa = XCConfigurationList;
			buildConfigurations = (
				8FE01DDF2898B70C00F9E7E1 /* Debug */,
				8FE01DE02898B70C00F9E7E1 /* Release */,
			);
			defaultConfigurationIsVisible = 0;
			defaultConfigurationName = Release;
		};
		8FE01DE12898B70C00F9E7E1 /* Build configuration list for PBXNativeTarget "DiscussMVP" */ = {
			isa = XCConfigurationList;
			buildConfigurations = (
				8FE01DE22898B70C00F9E7E1 /* Debug */,
				8FE01DE32898B70C00F9E7E1 /* Release */,
			);
			defaultConfigurationIsVisible = 0;
			defaultConfigurationName = Release;
		};
		8FE01DE42898B70C00F9E7E1 /* Build configuration list for PBXNativeTarget "DiscussMVPTests" */ = {
			isa = XCConfigurationList;
			buildConfigurations = (
				8FE01DE52898B70C00F9E7E1 /* Debug */,
				8FE01DE62898B70C00F9E7E1 /* Release */,
			);
			defaultConfigurationIsVisible = 0;
			defaultConfigurationName = Release;
		};
		8FE01DE72898B70C00F9E7E1 /* Build configuration list for PBXNativeTarget "DiscussMVPUITests" */ = {
			isa = XCConfigurationList;
			buildConfigurations = (
				8FE01DE82898B70C00F9E7E1 /* Debug */,
				8FE01DE92898B70C00F9E7E1 /* Release */,
			);
			defaultConfigurationIsVisible = 0;
			defaultConfigurationName = Release;
		};
/* End XCConfigurationList section */
	};
	rootObject = 8FE01DAF2898B70B00F9E7E1 /* Project object */;
}
